
Microsoft Visual Studio Solution File, Format Version 12.00
# Visual Studio Version 17
VisualStudioVersion = 17.1.32328.378
MinimumVisualStudioVersion = 10.0.40219.1
Project("{FAE04EC0-301F-11D3-BF4B-00C04F79EFBC}") = "dicom_app", "dicom_app.csproj", "{AA5C8215-CD71-48D4-A40A-6AF06B35EB32}"
EndProject
Global
	GlobalSection(SolutionConfigurationPlatforms) = preSolution
		Debug|Any CPU = Debug|Any CPU
		Release|Any CPU = Release|Any CPU
	EndGlobalSection
	GlobalSection(ProjectConfigurationPlatforms) = postSolution
		{AA5C8215-CD71-48D4-A40A-6AF06B35EB32}.Debug|Any CPU.ActiveCfg = Debug|Any CPU
		{AA5C8215-CD71-48D4-A40A-6AF06B35EB32}.Debug|Any CPU.Build.0 = Debug|Any CPU
		{AA5C8215-CD71-48D4-A40A-6AF06B35EB32}.Release|Any CPU.ActiveCfg = Release|Any CPU
		{AA5C8215-CD71-48D4-A40A-6AF06B35EB32}.Release|Any CPU.Build.0 = Release|Any CPU
	EndGlobalSection
	GlobalSection(SolutionProperties) = preSolution
		HideSolutionNode = FALSE
	EndGlobalSection
	GlobalSection(ExtensibilityGlobals) = postSolution
		SolutionGuid = {7A40379A-F637-456C-951C-A274B00BA9C6}
	EndGlobalSection
EndGlobal
